
Microsoft Visual Studio Solution File, Format Version 12.00
# Visual Studio Version 16
VisualStudioVersion = 16.0.29509.3
MinimumVisualStudioVersion = 10.0.40219.1
Project("{9A19103F-16F7-4668-BE54-9A1E7A4F7556}") = "MailServiceWorker", "MailServiceWorker.csproj", "{B33DA14C-4CCE-4D3C-8D39-3672149CEFBE}"
EndProject
Global
	GlobalSection(SolutionConfigurationPlatforms) = preSolution
		Debug|Any CPU = Debug|Any CPU
		Release|Any CPU = Release|Any CPU
	EndGlobalSection
	GlobalSection(ProjectConfigurationPlatforms) = postSolution
		{B33DA14C-4CCE-4D3C-8D39-3672149CEFBE}.Debug|Any CPU.ActiveCfg = Debug|Any CPU
		{B33DA14C-4CCE-4D3C-8D39-3672149CEFBE}.Debug|Any CPU.Build.0 = Debug|Any CPU
		{B33DA14C-4CCE-4D3C-8D39-3672149CEFBE}.Release|Any CPU.ActiveCfg = Release|Any CPU
		{B33DA14C-4CCE-4D3C-8D39-3672149CEFBE}.Release|Any CPU.Build.0 = Release|Any CPU
	EndGlobalSection
	GlobalSection(SolutionProperties) = preSolution
		HideSolutionNode = FALSE
	EndGlobalSection
	GlobalSection(ExtensibilityGlobals) = postSolution
		SolutionGuid = {D3B22FFE-9C41-4BA2-A8E4-BA42D32462C0}
	EndGlobalSection
EndGlobal
